
Microsoft Visual Studio Solution File, Format Version 12.00
# Visual Studio 2013
VisualStudioVersion = 12.0.21005.1
MinimumVisualStudioVersion = 10.0.40219.1
Project("{FAE04EC0-301F-11D3-BF4B-00C04F79EFBC}") = "CustomMouseCurve", "CustomMouseCurve\CustomMouseCurve.csproj", "{31A13D49-A991-4D07-9B13-68AD5FC41249}"
	ProjectSection(ProjectDependencies) = postProject
		{CBC8B35C-A186-4D8B-ADB0-C72A8A9F64AC} = {CBC8B35C-A186-4D8B-ADB0-C72A8A9F64AC}
		{FDB65993-0E5E-40A8-82BE-B1A4FC4524FD} = {FDB65993-0E5E-40A8-82BE-B1A4FC4524FD}
	EndProjectSection
EndProject
Project("{FAE04EC0-301F-11D3-BF4B-00C04F79EFBC}") = "MouseKeyHook", "CustomMouseCurve\MouseKeyHook\MouseKeyHook.csproj", "{F52AA97E-180A-40ED-8F2B-09080171D6C7}"
EndProject
Project("{8BC9CEB8-8B4A-11D0-8D11-00A0C91BC942}") = "pointing", "pointing\pointing.vcxproj", "{FDB65993-0E5E-40A8-82BE-B1A4FC4524FD}"
EndProject
Project("{8BC9CEB8-8B4A-11D0-8D11-00A0C91BC942}") = "libPointingWrapper", "libPointingWrapper\libPointingWrapper\libPointingWrapper.vcxproj", "{CBC8B35C-A186-4D8B-ADB0-C72A8A9F64AC}"
EndProject
Project("{8BC9CEB8-8B4A-11D0-8D11-00A0C91BC942}") = "persistence1dWrapper", "persistence1dWrapper\persistence1dWrapper.vcxproj", "{B6EEE9FC-5723-4CB6-973F-AC69F7CCF36F}"
EndProject
Global
	GlobalSection(SolutionConfigurationPlatforms) = preSolution
		Debug|Any CPU = Debug|Any CPU
		Debug|Mixed Platforms = Debug|Mixed Platforms
		Debug|Win32 = Debug|Win32
		Debug|x64 = Debug|x64
		Debug|x86 = Debug|x86
		Release|Any CPU = Release|Any CPU
		Release|Mixed Platforms = Release|Mixed Platforms
		Release|Win32 = Release|Win32
		Release|x64 = Release|x64
		Release|x86 = Release|x86
	EndGlobalSection
	GlobalSection(ProjectConfigurationPlatforms) = postSolution
		{31A13D49-A991-4D07-9B13-68AD5FC41249}.Debug|Any CPU.ActiveCfg = Debug|Any CPU
		{31A13D49-A991-4D07-9B13-68AD5FC41249}.Debug|Any CPU.Build.0 = Debug|Any CPU
		{31A13D49-A991-4D07-9B13-68AD5FC41249}.Debug|Mixed Platforms.ActiveCfg = Debug|Any CPU
		{31A13D49-A991-4D07-9B13-68AD5FC41249}.Debug|Mixed Platforms.Build.0 = Debug|Any CPU
		{31A13D49-A991-4D07-9B13-68AD5FC41249}.Debug|Win32.ActiveCfg = Debug|Any CPU
		{31A13D49-A991-4D07-9B13-68AD5FC41249}.Debug|x64.ActiveCfg = Debug|Any CPU
		{31A13D49-A991-4D07-9B13-68AD5FC41249}.Debug|x86.ActiveCfg = Debug|Any CPU
		{31A13D49-A991-4D07-9B13-68AD5FC41249}.Release|Any CPU.ActiveCfg = Release|Any CPU
		{31A13D49-A991-4D07-9B13-68AD5FC41249}.Release|Any CPU.Build.0 = Release|Any CPU
		{31A13D49-A991-4D07-9B13-68AD5FC41249}.Release|Mixed Platforms.ActiveCfg = Release|Any CPU
		{31A13D49-A991-4D07-9B13-68AD5FC41249}.Release|Mixed Platforms.Build.0 = Release|Any CPU
		{31A13D49-A991-4D07-9B13-68AD5FC41249}.Release|Win32.ActiveCfg = Release|Any CPU
		{31A13D49-A991-4D07-9B13-68AD5FC41249}.Release|x64.ActiveCfg = Release|Any CPU
		{31A13D49-A991-4D07-9B13-68AD5FC41249}.Release|x86.ActiveCfg = Release|Any CPU
		{F52AA97E-180A-40ED-8F2B-09080171D6C7}.Debug|Any CPU.ActiveCfg = Debug|Any CPU
		{F52AA97E-180A-40ED-8F2B-09080171D6C7}.Debug|Any CPU.Build.0 = Debug|Any CPU
		{F52AA97E-180A-40ED-8F2B-09080171D6C7}.Debug|Mixed Platforms.ActiveCfg = Debug|x86
		{F52AA97E-180A-40ED-8F2B-09080171D6C7}.Debug|Mixed Platforms.Build.0 = Debug|x86
		{F52AA97E-180A-40ED-8F2B-09080171D6C7}.Debug|Win32.ActiveCfg = Debug|x86
		{F52AA97E-180A-40ED-8F2B-09080171D6C7}.Debug|Win32.Build.0 = Debug|x86
		{F52AA97E-180A-40ED-8F2B-09080171D6C7}.Debug|x64.ActiveCfg = Debug|x64
		{F52AA97E-180A-40ED-8F2B-09080171D6C7}.Debug|x64.Build.0 = Debug|x64
		{F52AA97E-180A-40ED-8F2B-09080171D6C7}.Debug|x86.ActiveCfg = Debug|x86
		{F52AA97E-180A-40ED-8F2B-09080171D6C7}.Debug|x86.Build.0 = Debug|x86
		{F52AA97E-180A-40ED-8F2B-09080171D6C7}.Release|Any CPU.ActiveCfg = Release|Any CPU
		{F52AA97E-180A-40ED-8F2B-09080171D6C7}.Release|Any CPU.Build.0 = Release|Any CPU
		{F52AA97E-180A-40ED-8F2B-09080171D6C7}.Release|Mixed Platforms.ActiveCfg = Release|x86
		{F52AA97E-180A-40ED-8F2B-09080171D6C7}.Release|Mixed Platforms.Build.0 = Release|x86
		{F52AA97E-180A-40ED-8F2B-09080171D6C7}.Release|Win32.ActiveCfg = Release|x86
		{F52AA97E-180A-40ED-8F2B-09080171D6C7}.Release|Win32.Build.0 = Release|x86
		{F52AA97E-180A-40ED-8F2B-09080171D6C7}.Release|x64.ActiveCfg = Release|x64
		{F52AA97E-180A-40ED-8F2B-09080171D6C7}.Release|x64.Build.0 = Release|x64
		{F52AA97E-180A-40ED-8F2B-09080171D6C7}.Release|x86.ActiveCfg = Release|x86
		{F52AA97E-180A-40ED-8F2B-09080171D6C7}.Release|x86.Build.0 = Release|x86
		{FDB65993-0E5E-40A8-82BE-B1A4FC4524FD}.Debug|Any CPU.ActiveCfg = Debug|Win32
		{FDB65993-0E5E-40A8-82BE-B1A4FC4524FD}.Debug|Mixed Platforms.ActiveCfg = Debug|Win32
		{FDB65993-0E5E-40A8-82BE-B1A4FC4524FD}.Debug|Mixed Platforms.Build.0 = Debug|Win32
		{FDB65993-0E5E-40A8-82BE-B1A4FC4524FD}.Debug|Win32.ActiveCfg = Debug|Win32
		{FDB65993-0E5E-40A8-82BE-B1A4FC4524FD}.Debug|Win32.Build.0 = Debug|Win32
		{FDB65993-0E5E-40A8-82BE-B1A4FC4524FD}.Debug|x64.ActiveCfg = Debug|x64
		{FDB65993-0E5E-40A8-82BE-B1A4FC4524FD}.Debug|x64.Build.0 = Debug|x64
		{FDB65993-0E5E-40A8-82BE-B1A4FC4524FD}.Debug|x86.ActiveCfg = Debug|Win32
		{FDB65993-0E5E-40A8-82BE-B1A4FC4524FD}.Debug|x86.Build.0 = Debug|Win32
		{FDB65993-0E5E-40A8-82BE-B1A4FC4524FD}.Release|Any CPU.ActiveCfg = Release|Win32
		{FDB65993-0E5E-40A8-82BE-B1A4FC4524FD}.Release|Mixed Platforms.ActiveCfg = Release|Win32
		{FDB65993-0E5E-40A8-82BE-B1A4FC4524FD}.Release|Mixed Platforms.Build.0 = Release|Win32
		{FDB65993-0E5E-40A8-82BE-B1A4FC4524FD}.Release|Win32.ActiveCfg = Release|Win32
		{FDB65993-0E5E-40A8-82BE-B1A4FC4524FD}.Release|Win32.Build.0 = Release|Win32
		{FDB65993-0E5E-40A8-82BE-B1A4FC4524FD}.Release|x64.ActiveCfg = Release|x64
		{FDB65993-0E5E-40A8-82BE-B1A4FC4524FD}.Release|x64.Build.0 = Release|x64
		{FDB65993-0E5E-40A8-82BE-B1A4FC4524FD}.Release|x86.ActiveCfg = Release|Win32
		{FDB65993-0E5E-40A8-82BE-B1A4FC4524FD}.Release|x86.Build.0 = Release|Win32
		{CBC8B35C-A186-4D8B-ADB0-C72A8A9F64AC}.Debug|Any CPU.ActiveCfg = Debug|Win32
		{CBC8B35C-A186-4D8B-ADB0-C72A8A9F64AC}.Debug|Mixed Platforms.ActiveCfg = Release|Win32
		{CBC8B35C-A186-4D8B-ADB0-C72A8A9F64AC}.Debug|Mixed Platforms.Build.0 = Release|Win32
		{CBC8B35C-A186-4D8B-ADB0-C72A8A9F64AC}.Debug|Win32.ActiveCfg = Debug|Win32
		{CBC8B35C-A186-4D8B-ADB0-C72A8A9F64AC}.Debug|Win32.Build.0 = Debug|Win32
		{CBC8B35C-A186-4D8B-ADB0-C72A8A9F64AC}.Debug|x64.ActiveCfg = Debug|Win32
		{CBC8B35C-A186-4D8B-ADB0-C72A8A9F64AC}.Debug|x86.ActiveCfg = Debug|Win32
		{CBC8B35C-A186-4D8B-ADB0-C72A8A9F64AC}.Debug|x86.Build.0 = Debug|Win32
		{CBC8B35C-A186-4D8B-ADB0-C72A8A9F64AC}.Release|Any CPU.ActiveCfg = Release|Win32
		{CBC8B35C-A186-4D8B-ADB0-C72A8A9F64AC}.Release|Mixed Platforms.ActiveCfg = Release|Win32
		{CBC8B35C-A186-4D8B-ADB0-C72A8A9F64AC}.Release|Mixed Platforms.Build.0 = Release|Win32
		{CBC8B35C-A186-4D8B-ADB0-C72A8A9F64AC}.Release|Win32.ActiveCfg = Release|Win32
		{CBC8B35C-A186-4D8B-ADB0-C72A8A9F64AC}.Release|Win32.Build.0 = Release|Win32
		{CBC8B35C-A186-4D8B-ADB0-C72A8A9F64AC}.Release|x64.ActiveCfg = Release|Win32
		{CBC8B35C-A186-4D8B-ADB0-C72A8A9F64AC}.Release|x86.ActiveCfg = Release|Win32
		{CBC8B35C-A186-4D8B-ADB0-C72A8A9F64AC}.Release|x86.Build.0 = Release|Win32
		{B6EEE9FC-5723-4CB6-973F-AC69F7CCF36F}.Debug|Any CPU.ActiveCfg = Debug|Win32
		{B6EEE9FC-5723-4CB6-973F-AC69F7CCF36F}.Debug|Mixed Platforms.ActiveCfg = Debug|Win32
		{B6EEE9FC-5723-4CB6-973F-AC69F7CCF36F}.Debug|Mixed Platforms.Build.0 = Debug|Win32
		{B6EEE9FC-5723-4CB6-973F-AC69F7CCF36F}.Debug|Win32.ActiveCfg = Debug|Win32
		{B6EEE9FC-5723-4CB6-973F-AC69F7CCF36F}.Debug|Win32.Build.0 = Debug|Win32
		{B6EEE9FC-5723-4CB6-973F-AC69F7CCF36F}.Debug|x64.ActiveCfg = Debug|Win32
		{B6EEE9FC-5723-4CB6-973F-AC69F7CCF36F}.Debug|x86.ActiveCfg = Debug|Win32
		{B6EEE9FC-5723-4CB6-973F-AC69F7CCF36F}.Debug|x86.Build.0 = Debug|Win32
		{B6EEE9FC-5723-4CB6-973F-AC69F7CCF36F}.Release|Any CPU.ActiveCfg = Release|Win32
		{B6EEE9FC-5723-4CB6-973F-AC69F7CCF36F}.Release|Mixed Platforms.ActiveCfg = Release|Win32
		{B6EEE9FC-5723-4CB6-973F-AC69F7CCF36F}.Release|Mixed Platforms.Build.0 = Release|Win32
		{B6EEE9FC-5723-4CB6-973F-AC69F7CCF36F}.Release|Win32.ActiveCfg = Release|Win32
		{B6EEE9FC-5723-4CB6-973F-AC69F7CCF36F}.Release|Win32.Build.0 = Release|Win32
		{B6EEE9FC-5723-4CB6-973F-AC69F7CCF36F}.Release|x64.ActiveCfg = Release|Win32
		{B6EEE9FC-5723-4CB6-973F-AC69F7CCF36F}.Release|x86.ActiveCfg = Release|Win32
		{B6EEE9FC-5723-4CB6-973F-AC69F7CCF36F}.Release|x86.Build.0 = Release|Win32
	EndGlobalSection
	GlobalSection(SolutionProperties) = preSolution
		HideSolutionNode = FALSE
	EndGlobalSection
EndGlobal
