<?xml version="1.0" encoding="utf-8"?>
<Project ToolsVersion="4.0" xmlns="http://schemas.microsoft.com/developer/msbuild/2003">
  <ItemGroup>
    <Filter Include="Source Files">
      <UniqueIdentifier>{4FC737F1-C7A5-4376-A066-2A32D752A2FF}</UniqueIdentifier>
      <Extensions>cpp;c;cc;cxx;def;odl;idl;hpj;bat;asm;asmx</Extensions>
    </Filter>
    <Filter Include="Header Files">
      <UniqueIdentifier>{93995380-89BD-4b04-88EB-625FBE52EBFB}</UniqueIdentifier>
      <Extensions>h;hh;hpp;hxx;hm;inl;inc;xsd</Extensions>
    </Filter>
    <Filter Include="Resource Files">
      <UniqueIdentifier>{67DA6AB6-F800-4c08-8B7A-83BB121AAD01}</UniqueIdentifier>
      <Extensions>rc;ico;cur;bmp;dlg;rc2;rct;bin;rgs;gif;jpg;jpeg;jpe;resx;tiff;tif;png;wav;mfcribbon-ms</Extensions>
    </Filter>
    <Filter Include="Header Files\input">
      <UniqueIdentifier>{3f62a751-6627-4859-a30d-b65a545b5b3d}</UniqueIdentifier>
    </Filter>
    <Filter Include="Header Files\output">
      <UniqueIdentifier>{8959dec6-aebb-46b4-8b02-078c7caa0423}</UniqueIdentifier>
    </Filter>
    <Filter Include="Header Files\transferfunctions">
      <UniqueIdentifier>{a26ba04a-bf45-4e6d-bb62-a39e1c2dd5c6}</UniqueIdentifier>
    </Filter>
    <Filter Include="Header Files\utils">
      <UniqueIdentifier>{4bf61c16-d2f6-4ed8-99f4-4ba43e1d4b55}</UniqueIdentifier>
    </Filter>
    <Filter Include="Source Files\utils">
      <UniqueIdentifier>{9911d799-ecc5-4a38-8093-8b7346808263}</UniqueIdentifier>
    </Filter>
    <Filter Include="Source Files\input">
      <UniqueIdentifier>{12e78cdc-31f5-4be1-9c24-1cc0f714fc51}</UniqueIdentifier>
    </Filter>
    <Filter Include="Source Files\output">
      <UniqueIdentifier>{1913d0a3-65a0-44b5-9364-217da364a32f}</UniqueIdentifier>
    </Filter>
    <Filter Include="Source Files\transferfunctions">
      <UniqueIdentifier>{72f2e9e5-35ec-4a83-833a-1efba18bff5d}</UniqueIdentifier>
    </Filter>
    <Filter Include="Source Files\input\windows">
      <UniqueIdentifier>{22a27ff3-dcd1-44ad-b533-e7814be4024f}</UniqueIdentifier>
    </Filter>
    <Filter Include="Source Files\transferfunctions\windows">
      <UniqueIdentifier>{58be36b9-8e56-4be1-827a-4ddd9e36eec6}</UniqueIdentifier>
    </Filter>
    <Filter Include="Source Files\output\windows">
      <UniqueIdentifier>{147ff61e-640e-4543-b15c-b31ccdd5030d}</UniqueIdentifier>
    </Filter>
    <Filter Include="Source Files\utils\windows">
      <UniqueIdentifier>{6fd3a9f5-59e3-4608-842f-11f8e053dd2d}</UniqueIdentifier>
    </Filter>
    <Filter Include="Header Files\input\windows">
      <UniqueIdentifier>{27da90dd-48b8-467a-b040-34503fff0d3c}</UniqueIdentifier>
    </Filter>
    <Filter Include="Header Files\utils\windows">
      <UniqueIdentifier>{d791ebd8-a543-4795-a9b5-20c08b667945}</UniqueIdentifier>
    </Filter>
    <Filter Include="Header Files\transferfunctions\windows">
      <UniqueIdentifier>{aebef353-a5ba-4f55-96e1-83b1a8df6f61}</UniqueIdentifier>
    </Filter>
    <Filter Include="Header Files\output\windows">
      <UniqueIdentifier>{6546ac3e-033d-499d-ab63-8227dc628340}</UniqueIdentifier>
    </Filter>
  </ItemGroup>
  <ItemGroup>
    <ClInclude Include="pointing.h">
      <Filter>Header Files</Filter>
    </ClInclude>
    <ClInclude Include="utils\ByteOrder.h">
      <Filter>Header Files\utils</Filter>
    </ClInclude>
    <ClInclude Include="utils\Base64.h">
      <Filter>Header Files\utils</Filter>
    </ClInclude>
    <ClInclude Include="transferfunctions\Composition.h">
      <Filter>Header Files\transferfunctions</Filter>
    </ClInclude>
    <ClInclude Include="utils\ConfigDict.h">
      <Filter>Header Files\utils</Filter>
    </ClInclude>
    <ClInclude Include="transferfunctions\ConstantFunction.h">
      <Filter>Header Files\transferfunctions</Filter>
    </ClInclude>
    <ClInclude Include="output\DisplayDevice.h">
      <Filter>Header Files\output</Filter>
    </ClInclude>
    <ClInclude Include="output\DisplayDeviceManager.h">
      <Filter>Header Files\output</Filter>
    </ClInclude>
    <ClInclude Include="output\DummyDisplayDevice.h">
      <Filter>Header Files\output</Filter>
    </ClInclude>
    <ClInclude Include="utils\HIDItem.h">
      <Filter>Header Files\utils</Filter>
    </ClInclude>
    <ClInclude Include="utils\HIDReportParser.h">
      <Filter>Header Files\utils</Filter>
    </ClInclude>
    <ClInclude Include="utils\HIDTags.h">
      <Filter>Header Files\utils</Filter>
    </ClInclude>
    <ClInclude Include="input\DummyPointingDevice.h">
      <Filter>Header Files\input</Filter>
    </ClInclude>
    <ClInclude Include="transferfunctions\Interpolation.h">
      <Filter>Header Files\transferfunctions</Filter>
    </ClInclude>
    <ClInclude Include="transferfunctions\NaiveConstantFunction.h">
      <Filter>Header Files\transferfunctions</Filter>
    </ClInclude>
    <ClInclude Include="..\pointing-osx\transferfunctions\OSXFunction.h">
      <Filter>Header Files\transferfunctions</Filter>
    </ClInclude>
    <ClInclude Include="input\PointingDevice.h">
      <Filter>Header Files\input</Filter>
    </ClInclude>
    <ClInclude Include="input\PointingDeviceManager.h">
      <Filter>Header Files\input</Filter>
    </ClInclude>
    <ClInclude Include="transferfunctions\SigmoidFunction.h">
      <Filter>Header Files\transferfunctions</Filter>
    </ClInclude>
    <ClInclude Include="transferfunctions\SubPixelFunction.h">
      <Filter>Header Files\transferfunctions</Filter>
    </ClInclude>
    <ClInclude Include="utils\TimeStamp.h">
      <Filter>Header Files\utils</Filter>
    </ClInclude>
    <ClInclude Include="utils\URI.h">
      <Filter>Header Files\utils</Filter>
    </ClInclude>
    <ClInclude Include="transferfunctions\TransferFunction.h">
      <Filter>Header Files\transferfunctions</Filter>
    </ClInclude>
    <ClInclude Include="..\pointing-win\transferfunctions\WindowsFunction.h">
      <Filter>Header Files\transferfunctions</Filter>
    </ClInclude>
    <ClInclude Include="..\pointing-xorg\transferfunctions\XorgFunction.h">
      <Filter>Header Files\transferfunctions</Filter>
    </ClInclude>
    <ClInclude Include="utils\FileUtils.h">
      <Filter>Header Files\utils</Filter>
    </ClInclude>
    <ClInclude Include="input\windows\USB.h">
      <Filter>Header Files\input\windows</Filter>
    </ClInclude>
    <ClInclude Include="input\windows\winPointingDevice.h">
      <Filter>Header Files\input\windows</Filter>
    </ClInclude>
    <ClInclude Include="input\windows\winPointingDeviceManager.h">
      <Filter>Header Files\input\windows</Filter>
    </ClInclude>
    <ClInclude Include="utils\windows\winGetTimeOfDay.h">
      <Filter>Header Files\utils\windows</Filter>
    </ClInclude>
    <ClInclude Include="transferfunctions\windows\winSystemPointerAcceleration.h">
      <Filter>Header Files\transferfunctions\windows</Filter>
    </ClInclude>
    <ClInclude Include="output\windows\winDisplayDevice.h">
      <Filter>Header Files\output\windows</Filter>
    </ClInclude>
    <ClInclude Include="output\windows\winDisplayDeviceHelper.h">
      <Filter>Header Files\output\windows</Filter>
    </ClInclude>
    <ClInclude Include="output\windows\winDisplayDeviceManager.h">
      <Filter>Header Files\output\windows</Filter>
    </ClInclude>
    <ClInclude Include="utils\PointingCursor.h">
      <Filter>Header Files\utils</Filter>
    </ClInclude>
    <ClInclude Include="input\SystemPointingDevice.h">
      <Filter>Header Files\input</Filter>
    </ClInclude>
    <ClInclude Include="utils\FrequencyEstimator.h">
      <Filter>Header Files\utils</Filter>
    </ClInclude>
  </ItemGroup>
  <ItemGroup>
    <ClCompile Include="utils\Base64.cpp">
      <Filter>Source Files\utils</Filter>
    </ClCompile>
    <ClCompile Include="utils\ByteOrder.cpp">
      <Filter>Source Files\utils</Filter>
    </ClCompile>
    <ClCompile Include="utils\ConfigDict.cpp">
      <Filter>Source Files\utils</Filter>
    </ClCompile>
    <ClCompile Include="output\DisplayDevice.cpp">
      <Filter>Source Files\output</Filter>
    </ClCompile>
    <ClCompile Include="output\DisplayDeviceManager.cpp">
      <Filter>Source Files\output</Filter>
    </ClCompile>
    <ClCompile Include="output\DummyDisplayDevice.cpp">
      <Filter>Source Files\output</Filter>
    </ClCompile>
    <ClCompile Include="input\DummyPointingDevice.cpp">
      <Filter>Source Files\input</Filter>
    </ClCompile>
    <ClCompile Include="utils\FileUtils.cpp">
      <Filter>Source Files\utils</Filter>
    </ClCompile>
    <ClCompile Include="utils\HIDItem.cpp">
      <Filter>Source Files\utils</Filter>
    </ClCompile>
    <ClCompile Include="utils\HIDReportParser.cpp">
      <Filter>Source Files\utils</Filter>
    </ClCompile>
    <ClCompile Include="input\PointingDevice.cpp">
      <Filter>Source Files\input</Filter>
    </ClCompile>
    <ClCompile Include="input\PointingDeviceManager.cpp">
      <Filter>Source Files\input</Filter>
    </ClCompile>
    <ClCompile Include="transferfunctions\Composition.cpp">
      <Filter>Source Files\transferfunctions</Filter>
    </ClCompile>
    <ClCompile Include="transferfunctions\ConstantFunction.cpp">
      <Filter>Source Files\transferfunctions</Filter>
    </ClCompile>
    <ClCompile Include="transferfunctions\Interpolation.cpp">
      <Filter>Source Files\transferfunctions</Filter>
    </ClCompile>
    <ClCompile Include="transferfunctions\NaiveConstantFunction.cpp">
      <Filter>Source Files\transferfunctions</Filter>
    </ClCompile>
    <ClCompile Include="transferfunctions\SigmoidFunction.cpp">
      <Filter>Source Files\transferfunctions</Filter>
    </ClCompile>
    <ClCompile Include="transferfunctions\SubPixelFunction.cpp">
      <Filter>Source Files\transferfunctions</Filter>
    </ClCompile>
    <ClCompile Include="utils\TimeStamp.cpp">
      <Filter>Source Files\utils</Filter>
    </ClCompile>
    <ClCompile Include="utils\URI.cpp">
      <Filter>Source Files\utils</Filter>
    </ClCompile>
    <ClCompile Include="..\pointing-xorg\transferfunctions\XorgFunction.cpp">
      <Filter>Source Files\transferfunctions</Filter>
    </ClCompile>
    <ClCompile Include="transferfunctions\TransferFunction.cpp">
      <Filter>Source Files\transferfunctions</Filter>
    </ClCompile>
    <ClCompile Include="input\windows\winPointingDevice.cpp">
      <Filter>Source Files\input\windows</Filter>
    </ClCompile>
    <ClCompile Include="input\windows\winPointingDeviceManager.cpp">
      <Filter>Source Files\input\windows</Filter>
    </ClCompile>
    <ClCompile Include="transferfunctions\windows\winSystemPointerAcceleration.cpp">
      <Filter>Source Files\transferfunctions\windows</Filter>
    </ClCompile>
    <ClCompile Include="output\windows\winDisplayDevice.cpp">
      <Filter>Source Files\output\windows</Filter>
    </ClCompile>
    <ClCompile Include="output\windows\winDisplayDeviceHelper.cpp">
      <Filter>Source Files\output\windows</Filter>
    </ClCompile>
    <ClCompile Include="output\windows\winDisplayDeviceManager.cpp">
      <Filter>Source Files\output\windows</Filter>
    </ClCompile>
    <ClCompile Include="utils\windows\winGetTimeOfDay.cpp">
      <Filter>Source Files\utils\windows</Filter>
    </ClCompile>
    <ClCompile Include="input\windows\USB.cpp">
      <Filter>Source Files\input\windows</Filter>
    </ClCompile>
    <ClCompile Include="utils\PointingCursor.cpp">
      <Filter>Source Files\utils</Filter>
    </ClCompile>
    <ClCompile Include="input\SystemPointingDevice.cpp">
      <Filter>Source Files\input</Filter>
    </ClCompile>
    <ClCompile Include="utils\FrequencyEstimator.cpp">
      <Filter>Source Files\utils</Filter>
    </ClCompile>
  </ItemGroup>
</Project>